
Microsoft Visual Studio Solution File, Format Version 12.00
# Visual Studio Version 17
VisualStudioVersion = 17.13.35806.99
MinimumVisualStudioVersion = 10.0.40219.1
Project("{FAE04EC0-301F-11D3-BF4B-00C04F79EFBC}") = "ExpertSystem.Domain", "ExpertSystem.Domain\ExpertSystem.Domain.csproj", "{35761F5B-540A-4824-8750-7ED7901FCDA9}"
EndProject
Project("{FAE04EC0-301F-11D3-BF4B-00C04F79EFBC}") = "ExpertSystem.EntityFramework", "ExpertSystem.EntityFramework\ExpertSystem.EntityFramework.csproj", "{1B7B8DDF-8E17-4BAA-B7D4-6CBAAB2A3D7E}"
EndProject
Project("{FAE04EC0-301F-11D3-BF4B-00C04F79EFBC}") = "ExpertSystem.WPF", "ExpertSystem.WPF\ExpertSystem.WPF.csproj", "{84D77428-CBB1-430F-9CF9-1231A13C5DED}"
EndProject
Project("{FAE04EC0-301F-11D3-BF4B-00C04F79EFBC}") = "ExpertSystem.Tests", "ExpertSystem.Tests\ExpertSystem.Tests.csproj", "{3FB5F273-2315-498B-A05B-C845480821A2}"
EndProject
Global
	GlobalSection(SolutionConfigurationPlatforms) = preSolution
		Debug|Any CPU = Debug|Any CPU
		Release|Any CPU = Release|Any CPU
	EndGlobalSection
	GlobalSection(ProjectConfigurationPlatforms) = postSolution
		{35761F5B-540A-4824-8750-7ED7901FCDA9}.Debug|Any CPU.ActiveCfg = Debug|Any CPU
		{35761F5B-540A-4824-8750-7ED7901FCDA9}.Debug|Any CPU.Build.0 = Debug|Any CPU
		{35761F5B-540A-4824-8750-7ED7901FCDA9}.Release|Any CPU.ActiveCfg = Release|Any CPU
		{35761F5B-540A-4824-8750-7ED7901FCDA9}.Release|Any CPU.Build.0 = Release|Any CPU
		{1B7B8DDF-8E17-4BAA-B7D4-6CBAAB2A3D7E}.Debug|Any CPU.ActiveCfg = Debug|Any CPU
		{1B7B8DDF-8E17-4BAA-B7D4-6CBAAB2A3D7E}.Debug|Any CPU.Build.0 = Debug|Any CPU
		{1B7B8DDF-8E17-4BAA-B7D4-6CBAAB2A3D7E}.Release|Any CPU.ActiveCfg = Release|Any CPU
		{1B7B8DDF-8E17-4BAA-B7D4-6CBAAB2A3D7E}.Release|Any CPU.Build.0 = Release|Any CPU
		{84D77428-CBB1-430F-9CF9-1231A13C5DED}.Debug|Any CPU.ActiveCfg = Debug|Any CPU
		{84D77428-CBB1-430F-9CF9-1231A13C5DED}.Debug|Any CPU.Build.0 = Debug|Any CPU
		{84D77428-CBB1-430F-9CF9-1231A13C5DED}.Release|Any CPU.ActiveCfg = Release|Any CPU
		{84D77428-CBB1-430F-9CF9-1231A13C5DED}.Release|Any CPU.Build.0 = Release|Any CPU
		{3FB5F273-2315-498B-A05B-C845480821A2}.Debug|Any CPU.ActiveCfg = Debug|Any CPU
		{3FB5F273-2315-498B-A05B-C845480821A2}.Debug|Any CPU.Build.0 = Debug|Any CPU
		{3FB5F273-2315-498B-A05B-C845480821A2}.Release|Any CPU.ActiveCfg = Release|Any CPU
		{3FB5F273-2315-498B-A05B-C845480821A2}.Release|Any CPU.Build.0 = Release|Any CPU
	EndGlobalSection
	GlobalSection(SolutionProperties) = preSolution
		HideSolutionNode = FALSE
	EndGlobalSection
	GlobalSection(ExtensibilityGlobals) = postSolution
		SolutionGuid = {C9A78713-1449-4BFB-8BB5-5ACEC99FA304}
	EndGlobalSection
EndGlobal
